
Microsoft Visual Studio Solution File, Format Version 12.00
# Visual Studio Version 17
VisualStudioVersion = 17.6.33815.320
MinimumVisualStudioVersion = 10.0.40219.1
Project("{FAE04EC0-301F-11D3-BF4B-00C04F79EFBC}") = "ClassesPractice", "ClassesPractice\ClassesPractice.csproj", "{6BC72A0F-09A6-4B02-B3ED-163BA299095D}"
EndProject
Global
	GlobalSection(SolutionConfigurationPlatforms) = preSolution
		Debug|Any CPU = Debug|Any CPU
		Release|Any CPU = Release|Any CPU
	EndGlobalSection
	GlobalSection(ProjectConfigurationPlatforms) = postSolution
		{6BC72A0F-09A6-4B02-B3ED-163BA299095D}.Debug|Any CPU.ActiveCfg = Debug|Any CPU
		{6BC72A0F-09A6-4B02-B3ED-163BA299095D}.Debug|Any CPU.Build.0 = Debug|Any CPU
		{6BC72A0F-09A6-4B02-B3ED-163BA299095D}.Release|Any CPU.ActiveCfg = Release|Any CPU
		{6BC72A0F-09A6-4B02-B3ED-163BA299095D}.Release|Any CPU.Build.0 = Release|Any CPU
	EndGlobalSection
	GlobalSection(SolutionProperties) = preSolution
		HideSolutionNode = FALSE
	EndGlobalSection
	GlobalSection(ExtensibilityGlobals) = postSolution
		SolutionGuid = {DABC8B54-77AA-4B3C-88D5-D116AB46170B}
	EndGlobalSection
EndGlobal
